
Microsoft Visual Studio Solution File, Format Version 12.00
# Visual Studio Version 16
VisualStudioVersion = 16.0.29613.14
MinimumVisualStudioVersion = 10.0.40219.1
Project("{FAE04EC0-301F-11D3-BF4B-00C04F79EFBC}") = "Server", "Server\Server.csproj", "{B9DB2DAC-4850-45DF-B09D-1459068A7521}"
EndProject
Global
	GlobalSection(SolutionConfigurationPlatforms) = preSolution
		Debug|Any CPU = Debug|Any CPU
		Release|Any CPU = Release|Any CPU
	EndGlobalSection
	GlobalSection(ProjectConfigurationPlatforms) = postSolution
		{B9DB2DAC-4850-45DF-B09D-1459068A7521}.Debug|Any CPU.ActiveCfg = Debug|Any CPU
		{B9DB2DAC-4850-45DF-B09D-1459068A7521}.Debug|Any CPU.Build.0 = Debug|Any CPU
		{B9DB2DAC-4850-45DF-B09D-1459068A7521}.Release|Any CPU.ActiveCfg = Release|Any CPU
		{B9DB2DAC-4850-45DF-B09D-1459068A7521}.Release|Any CPU.Build.0 = Release|Any CPU
	EndGlobalSection
	GlobalSection(SolutionProperties) = preSolution
		HideSolutionNode = FALSE
	EndGlobalSection
	GlobalSection(ExtensibilityGlobals) = postSolution
		SolutionGuid = {B9067A32-D910-4880-94DA-4A0D6290D708}
	EndGlobalSection
EndGlobal
